
Microsoft Visual Studio Solution File, Format Version 12.00
# Visual Studio Version 16
VisualStudioVersion = 16.0.31205.134
MinimumVisualStudioVersion = 10.0.40219.1
Project("{FAE04EC0-301F-11D3-BF4B-00C04F79EFBC}") = "winform-open-cv-sharp-camera", "winform-open-cv-sharp-camera\winform-open-cv-sharp-camera.csproj", "{06BB0F15-6146-4F83-B1BF-48C400D71F18}"
EndProject
Global
	GlobalSection(SolutionConfigurationPlatforms) = preSolution
		Debug|Any CPU = Debug|Any CPU
		Release|Any CPU = Release|Any CPU
	EndGlobalSection
	GlobalSection(ProjectConfigurationPlatforms) = postSolution
		{06BB0F15-6146-4F83-B1BF-48C400D71F18}.Debug|Any CPU.ActiveCfg = Debug|Any CPU
		{06BB0F15-6146-4F83-B1BF-48C400D71F18}.Debug|Any CPU.Build.0 = Debug|Any CPU
		{06BB0F15-6146-4F83-B1BF-48C400D71F18}.Release|Any CPU.ActiveCfg = Release|Any CPU
		{06BB0F15-6146-4F83-B1BF-48C400D71F18}.Release|Any CPU.Build.0 = Release|Any CPU
	EndGlobalSection
	GlobalSection(SolutionProperties) = preSolution
		HideSolutionNode = FALSE
	EndGlobalSection
	GlobalSection(ExtensibilityGlobals) = postSolution
		SolutionGuid = {13FC979D-7413-4C9A-803B-A692C7585E88}
	EndGlobalSection
EndGlobal
